// !$*UTF8*$!
{
	archiveVersion = 1;
	classes = {
	};
	objectVersion = 46;
	objects = {

/* Begin PBXBuildFile section */
		0D05B9F41C78BB38008F0EEC /* ActivityTableViewCell.m in Sources */ = {isa = PBXBuildFile; fileRef = 0D05B9F31C78BB38008F0EEC /* ActivityTableViewCell.m */; };
		0D05B9F61C78BB5B008F0EEC /* ActivityTableViewCell.xib in Resources */ = {isa = PBXBuildFile; fileRef = 0D05B9F51C78BB5B008F0EEC /* ActivityTableViewCell.xib */; };
		0D05B9F71C78C0A5008F0EEC /* TestCentral.m in Sources */ = {isa = PBXBuildFile; fileRef = 0D1021EE1C7782AF001BD186 /* TestCentral.m */; };
		0D05B9F81C78C0A6008F0EEC /* Activity.m in Sources */ = {isa = PBXBuildFile; fileRef = 0D1021F11C778A72001BD186 /* Activity.m */; };
		0D05B9FC1C78C2B6008F0EEC /* ActivityC1.json in Resources */ = {isa = PBXBuildFile; fileRef = 0D05B9FB1C78C2B6008F0EEC /* ActivityC1.json */; };
		0D1021B91C777D66001BD186 /* main.m in Sources */ = {isa = PBXBuildFile; fileRef = 0D1021B81C777D66001BD186 /* main.m */; };
		0D1021BC1C777D66001BD186 /* AppDelegate.m in Sources */ = {isa = PBXBuildFile; fileRef = 0D1021BB1C777D66001BD186 /* AppDelegate.m */; };
		0D1021C21C777D66001BD186 /* Main.storyboard in Resources */ = {isa = PBXBuildFile; fileRef = 0D1021C01C777D66001BD186 /* Main.storyboard */; };
		0D1021C41C777D66001BD186 /* Assets.xcassets in Resources */ = {isa = PBXBuildFile; fileRef = 0D1021C31C777D66001BD186 /* Assets.xcassets */; };
		0D1021C71C777D66001BD186 /* LaunchScreen.storyboard in Resources */ = {isa = PBXBuildFile; fileRef = 0D1021C51C777D66001BD186 /* LaunchScreen.storyboard */; };
		0D1021D21C777D66001BD186 /* LocalBizagiTestTestsC1.m in Sources */ = {isa = PBXBuildFile; fileRef = 0D1021D11C777D66001BD186 /* LocalBizagiTestTestsC1.m */; };
		0D1021EF1C7782AF001BD186 /* TestCentral.m in Sources */ = {isa = PBXBuildFile; fileRef = 0D1021EE1C7782AF001BD186 /* TestCentral.m */; };
		0D1021F21C778A72001BD186 /* Activity.m in Sources */ = {isa = PBXBuildFile; fileRef = 0D1021F11C778A72001BD186 /* Activity.m */; };
		0D1021F41C77BDC1001BD186 /* Activities.json in Resources */ = {isa = PBXBuildFile; fileRef = 0D1021F31C77BDC1001BD186 /* Activities.json */; };
		0D6A3EF11C7AAEA4006B55EF /* Reachability.m in Sources */ = {isa = PBXBuildFile; fileRef = 0D6A3EF01C7AAEA4006B55EF /* Reachability.m */; };
		0D6A3EF41C7ABAC8006B55EF /* ServerBizagiTestTestsC1.m in Sources */ = {isa = PBXBuildFile; fileRef = 0D6A3EF31C7ABAC8006B55EF /* ServerBizagiTestTestsC1.m */; };
		0DCCD0A51C78DC7600187EEF /* HomeViewController.m in Sources */ = {isa = PBXBuildFile; fileRef = 0DCCD0A41C78DC7600187EEF /* HomeViewController.m */; };
		0DCCD0A71C78F99900187EEF /* AllActivities.json in Resources */ = {isa = PBXBuildFile; fileRef = 0DCCD0A61C78F99900187EEF /* AllActivities.json */; };
		0DEEBF491C78D587005760B4 /* LocalBizagiTestUnitTestC2.m in Sources */ = {isa = PBXBuildFile; fileRef = 0DEEBF481C78D587005760B4 /* LocalBizagiTestUnitTestC2.m */; };
		0DEEBF4B1C78D5C9005760B4 /* ActivitiesC2.json in Resources */ = {isa = PBXBuildFile; fileRef = 0DEEBF4A1C78D5C9005760B4 /* ActivitiesC2.json */; };
/* End PBXBuildFile section */

/* Begin PBXContainerItemProxy section */
		0D1021CE1C777D66001BD186 /* PBXContainerItemProxy */ = {
			isa = PBXContainerItemProxy;
			containerPortal = 0D1021AC1C777D65001BD186 /* Project object */;
			proxyType = 1;
			remoteGlobalIDString = 0D1021B31C777D65001BD186;
			remoteInfo = BizagiTest;
		};
/* End PBXContainerItemProxy section */

/* Begin PBXFileReference section */
		0D05B9F21C78BB38008F0EEC /* ActivityTableViewCell.h */ = {isa = PBXFileReference; fileEncoding = 4; lastKnownFileType = sourcecode.c.h; name = ActivityTableViewCell.h; path = UI/ActivityTableViewCell.h; sourceTree = "<group>"; };
		0D05B9F31C78BB38008F0EEC /* ActivityTableViewCell.m */ = {isa = PBXFileReference; fileEncoding = 4; lastKnownFileType = sourcecode.c.objc; name = ActivityTableViewCell.m; path = UI/ActivityTableViewCell.m; sourceTree = "<group>"; };
		0D05B9F51C78BB5B008F0EEC /* ActivityTableViewCell.xib */ = {isa = PBXFileReference; fileEncoding = 4; lastKnownFileType = file.xib; name = ActivityTableViewCell.xib; path = UI/ActivityTableViewCell.xib; sourceTree = "<group>"; };
		0D05B9FB1C78C2B6008F0EEC /* ActivityC1.json */ = {isa = PBXFileReference; fileEncoding = 4; lastKnownFileType = text.json; path = ActivityC1.json; sourceTree = "<group>"; };
		0D1021B41C777D65001BD186 /* BizagiTest.app */ = {isa = PBXFileReference; explicitFileType = wrapper.application; includeInIndex = 0; path = BizagiTest.app; sourceTree = BUILT_PRODUCTS_DIR; };
		0D1021B81C777D66001BD186 /* main.m */ = {isa = PBXFileReference; lastKnownFileType = sourcecode.c.objc; path = main.m; sourceTree = "<group>"; };
		0D1021BA1C777D66001BD186 /* AppDelegate.h */ = {isa = PBXFileReference; lastKnownFileType = sourcecode.c.h; path = AppDelegate.h; sourceTree = "<group>"; };
		0D1021BB1C777D66001BD186 /* AppDelegate.m */ = {isa = PBXFileReference; lastKnownFileType = sourcecode.c.objc; path = AppDelegate.m; sourceTree = "<group>"; };
		0D1021C11C777D66001BD186 /* Base */ = {isa = PBXFileReference; lastKnownFileType = file.storyboard; name = Base; path = Base.lproj/Main.storyboard; sourceTree = "<group>"; };
		0D1021C31C777D66001BD186 /* Assets.xcassets */ = {isa = PBXFileReference; lastKnownFileType = folder.assetcatalog; path = Assets.xcassets; sourceTree = "<group>"; };
		0D1021C61C777D66001BD186 /* Base */ = {isa = PBXFileReference; lastKnownFileType = file.storyboard; name = Base; path = Base.lproj/LaunchScreen.storyboard; sourceTree = "<group>"; };
		0D1021C81C777D66001BD186 /* Info.plist */ = {isa = PBXFileReference; lastKnownFileType = text.plist.xml; path = Info.plist; sourceTree = "<group>"; };
		0D1021CD1C777D66001BD186 /* BizagiTestTests.xctest */ = {isa = PBXFileReference; explicitFileType = wrapper.cfbundle; includeInIndex = 0; path = BizagiTestTests.xctest; sourceTree = BUILT_PRODUCTS_DIR; };
		0D1021D11C777D66001BD186 /* LocalBizagiTestTestsC1.m */ = {isa = PBXFileReference; lastKnownFileType = sourcecode.c.objc; path = LocalBizagiTestTestsC1.m; sourceTree = "<group>"; };
		0D1021D31C777D66001BD186 /* Info.plist */ = {isa = PBXFileReference; lastKnownFileType = text.plist.xml; path = Info.plist; sourceTree = "<group>"; };
		0D1021ED1C7782AF001BD186 /* TestCentral.h */ = {isa = PBXFileReference; fileEncoding = 4; lastKnownFileType = sourcecode.c.h; name = TestCentral.h; path = models/TestCentral.h; sourceTree = "<group>"; };
		0D1021EE1C7782AF001BD186 /* TestCentral.m */ = {isa = PBXFileReference; fileEncoding = 4; lastKnownFileType = sourcecode.c.objc; name = TestCentral.m; path = models/TestCentral.m; sourceTree = "<group>"; };
		0D1021F01C778A72001BD186 /* Activity.h */ = {isa = PBXFileReference; fileEncoding = 4; lastKnownFileType = sourcecode.c.h; name = Activity.h; path = models/Activity.h; sourceTree = "<group>"; };
		0D1021F11C778A72001BD186 /* Activity.m */ = {isa = PBXFileReference; fileEncoding = 4; lastKnownFileType = sourcecode.c.objc; name = Activity.m; path = models/Activity.m; sourceTree = "<group>"; };
		0D1021F31C77BDC1001BD186 /* Activities.json */ = {isa = PBXFileReference; fileEncoding = 4; lastKnownFileType = text.json; path = Activities.json; sourceTree = "<group>"; };
		0D6A3EEF1C7AAEA4006B55EF /* Reachability.h */ = {isa = PBXFileReference; fileEncoding = 4; lastKnownFileType = sourcecode.c.h; path = Reachability.h; sourceTree = "<group>"; };
		0D6A3EF01C7AAEA4006B55EF /* Reachability.m */ = {isa = PBXFileReference; fileEncoding = 4; lastKnownFileType = sourcecode.c.objc; path = Reachability.m; sourceTree = "<group>"; };
		0D6A3EF31C7ABAC8006B55EF /* ServerBizagiTestTestsC1.m */ = {isa = PBXFileReference; fileEncoding = 4; lastKnownFileType = sourcecode.c.objc; path = ServerBizagiTestTestsC1.m; sourceTree = "<group>"; };
		0DCCD0A31C78DC7600187EEF /* HomeViewController.h */ = {isa = PBXFileReference; fileEncoding = 4; lastKnownFileType = sourcecode.c.h; name = HomeViewController.h; path = UI/HomeViewController.h; sourceTree = "<group>"; };
		0DCCD0A41C78DC7600187EEF /* HomeViewController.m */ = {isa = PBXFileReference; fileEncoding = 4; lastKnownFileType = sourcecode.c.objc; name = HomeViewController.m; path = UI/HomeViewController.m; sourceTree = "<group>"; };
		0DCCD0A61C78F99900187EEF /* AllActivities.json */ = {isa = PBXFileReference; fileEncoding = 4; lastKnownFileType = text.json; path = AllActivities.json; sourceTree = "<group>"; };
		0DEEBF481C78D587005760B4 /* LocalBizagiTestUnitTestC2.m */ = {isa = PBXFileReference; fileEncoding = 4; lastKnownFileType = sourcecode.c.objc; path = LocalBizagiTestUnitTestC2.m; sourceTree = "<group>"; };
		0DEEBF4A1C78D5C9005760B4 /* ActivitiesC2.json */ = {isa = PBXFileReference; fileEncoding = 4; lastKnownFileType = text.json; path = ActivitiesC2.json; sourceTree = "<group>"; };
/* End PBXFileReference section */

/* Begin PBXFrameworksBuildPhase section */
		0D1021B11C777D65001BD186 /* Frameworks */ = {
			isa = PBXFrameworksBuildPhase;
			buildActionMask = 2147483647;
			files = (
			);
			runOnlyForDeploymentPostprocessing = 0;
		};
		0D1021CA1C777D66001BD186 /* Frameworks */ = {
			isa = PBXFrameworksBuildPhase;
			buildActionMask = 2147483647;
			files = (
			);
			runOnlyForDeploymentPostprocessing = 0;
		};
/* End PBXFrameworksBuildPhase section */

/* Begin PBXGroup section */
		0D1021AB1C777D65001BD186 = {
			isa = PBXGroup;
			children = (
				0D1021B61C777D66001BD186 /* BizagiTest */,
				0D1021D01C777D66001BD186 /* BizagiTestTests */,
				0D1021B51C777D65001BD186 /* Products */,
			);
			sourceTree = "<group>";
		};
		0D1021B51C777D65001BD186 /* Products */ = {
			isa = PBXGroup;
			children = (
				0D1021B41C777D65001BD186 /* BizagiTest.app */,
				0D1021CD1C777D66001BD186 /* BizagiTestTests.xctest */,
			);
			name = Products;
			sourceTree = "<group>";
		};
		0D1021B61C777D66001BD186 /* BizagiTest */ = {
			isa = PBXGroup;
			children = (
				0D1021BA1C777D66001BD186 /* AppDelegate.h */,
				0D1021BB1C777D66001BD186 /* AppDelegate.m */,
				0D1021EC1C777FF1001BD186 /* Controllers */,
				0D1021EB1C777FBA001BD186 /* UI */,
				0D1021EA1C777FA6001BD186 /* Models */,
				0D1021B71C777D66001BD186 /* Supporting Files */,
				0D6A3EF21C7AAEB6006B55EF /* Libs */,
			);
			path = BizagiTest;
			sourceTree = "<group>";
		};
		0D1021B71C777D66001BD186 /* Supporting Files */ = {
			isa = PBXGroup;
			children = (
				0D1021C31C777D66001BD186 /* Assets.xcassets */,
				0D1021C81C777D66001BD186 /* Info.plist */,
				0D1021B81C777D66001BD186 /* main.m */,
				0D1021F31C77BDC1001BD186 /* Activities.json */,
				0D05B9FB1C78C2B6008F0EEC /* ActivityC1.json */,
				0DEEBF4A1C78D5C9005760B4 /* ActivitiesC2.json */,
				0DCCD0A61C78F99900187EEF /* AllActivities.json */,
			);
			name = "Supporting Files";
			sourceTree = "<group>";
		};
		0D1021D01C777D66001BD186 /* BizagiTestTests */ = {
			isa = PBXGroup;
			children = (
				0D1021D11C777D66001BD186 /* LocalBizagiTestTestsC1.m */,
				0D1021D31C777D66001BD186 /* Info.plist */,
				0DEEBF481C78D587005760B4 /* LocalBizagiTestUnitTestC2.m */,
				0D6A3EF31C7ABAC8006B55EF /* ServerBizagiTestTestsC1.m */,
			);
			path = BizagiTestTests;
			sourceTree = "<group>";
		};
		0D1021EA1C777FA6001BD186 /* Models */ = {
			isa = PBXGroup;
			children = (
				0D1021ED1C7782AF001BD186 /* TestCentral.h */,
				0D1021EE1C7782AF001BD186 /* TestCentral.m */,
				0D1021F01C778A72001BD186 /* Activity.h */,
				0D1021F11C778A72001BD186 /* Activity.m */,
			);
			name = Models;
			sourceTree = "<group>";
		};
		0D1021EB1C777FBA001BD186 /* UI */ = {
			isa = PBXGroup;
			children = (
				0D1021C01C777D66001BD186 /* Main.storyboard */,
				0D1021C51C777D66001BD186 /* LaunchScreen.storyboard */,
				0D05B9F51C78BB5B008F0EEC /* ActivityTableViewCell.xib */,
			);
			name = UI;
			sourceTree = "<group>";
		};
		0D1021EC1C777FF1001BD186 /* Controllers */ = {
			isa = PBXGroup;
			children = (
				0D05B9F21C78BB38008F0EEC /* ActivityTableViewCell.h */,
				0D05B9F31C78BB38008F0EEC /* ActivityTableViewCell.m */,
				0DCCD0A31C78DC7600187EEF /* HomeViewController.h */,
				0DCCD0A41C78DC7600187EEF /* HomeViewController.m */,
			);
			name = Controllers;
			sourceTree = "<group>";
		};
		0D6A3EF21C7AAEB6006B55EF /* Libs */ = {
			isa = PBXGroup;
			children = (
				0D6A3EEF1C7AAEA4006B55EF /* Reachability.h */,
				0D6A3EF01C7AAEA4006B55EF /* Reachability.m */,
			);
			name = Libs;
			sourceTree = "<group>";
		};
/* End PBXGroup section */

/* Begin PBXNativeTarget section */
		0D1021B31C777D65001BD186 /* BizagiTest */ = {
			isa = PBXNativeTarget;
			buildConfigurationList = 0D1021E11C777D66001BD186 /* Build configuration list for PBXNativeTarget "BizagiTest" */;
			buildPhases = (
				0D1021B01C777D65001BD186 /* Sources */,
				0D1021B11C777D65001BD186 /* Frameworks */,
				0D1021B21C777D65001BD186 /* Resources */,
			);
			buildRules = (
			);
			dependencies = (
			);
			name = BizagiTest;
			productName = BizagiTest;
			productReference = 0D1021B41C777D65001BD186 /* BizagiTest.app */;
			productType = "com.apple.product-type.application";
		};
		0D1021CC1C777D66001BD186 /* BizagiTestTests */ = {
			isa = PBXNativeTarget;
			buildConfigurationList = 0D1021E41C777D66001BD186 /* Build configuration list for PBXNativeTarget "BizagiTestTests" */;
			buildPhases = (
				0D1021C91C777D66001BD186 /* Sources */,
				0D1021CA1C777D66001BD186 /* Frameworks */,
				0D1021CB1C777D66001BD186 /* Resources */,
			);
			buildRules = (
			);
			dependencies = (
				0D1021CF1C777D66001BD186 /* PBXTargetDependency */,
			);
			name = BizagiTestTests;
			productName = BizagiTestTests;
			productReference = 0D1021CD1C777D66001BD186 /* BizagiTestTests.xctest */;
			productType = "com.apple.product-type.bundle.unit-test";
		};
/* End PBXNativeTarget section */

/* Begin PBXProject section */
		0D1021AC1C777D65001BD186 /* Project object */ = {
			isa = PBXProject;
			attributes = {
				LastUpgradeCheck = 0720;
				ORGANIZATIONNAME = juansmacias;
				TargetAttributes = {
					0D1021B31C777D65001BD186 = {
						CreatedOnToolsVersion = 7.2;
						DevelopmentTeam = GTCBS8XMHT;
					};
					0D1021CC1C777D66001BD186 = {
						CreatedOnToolsVersion = 7.2;
						DevelopmentTeam = GTCBS8XMHT;
						TestTargetID = 0D1021B31C777D65001BD186;
					};
				};
			};
			buildConfigurationList = 0D1021AF1C777D65001BD186 /* Build configuration list for PBXProject "BizagiTest" */;
			compatibilityVersion = "Xcode 3.2";
			developmentRegion = English;
			hasScannedForEncodings = 0;
			knownRegions = (
				en,
				Base,
			);
			mainGroup = 0D1021AB1C777D65001BD186;
			productRefGroup = 0D1021B51C777D65001BD186 /* Products */;
			projectDirPath = "";
			projectRoot = "";
			targets = (
				0D1021B31C777D65001BD186 /* BizagiTest */,
				0D1021CC1C777D66001BD186 /* BizagiTestTests */,
			);
		};
/* End PBXProject section */

/* Begin PBXResourcesBuildPhase section */
		0D1021B21C777D65001BD186 /* Resources */ = {
			isa = PBXResourcesBuildPhase;
			buildActionMask = 2147483647;
			files = (
				0DCCD0A71C78F99900187EEF /* AllActivities.json in Resources */,
				0DEEBF4B1C78D5C9005760B4 /* ActivitiesC2.json in Resources */,
				0D05B9FC1C78C2B6008F0EEC /* ActivityC1.json in Resources */,
				0D1021F41C77BDC1001BD186 /* Activities.json in Resources */,
				0D1021C71C777D66001BD186 /* LaunchScreen.storyboard in Resources */,
				0D05B9F61C78BB5B008F0EEC /* ActivityTableViewCell.xib in Resources */,
				0D1021C41C777D66001BD186 /* Assets.xcassets in Resources */,
				0D1021C21C777D66001BD186 /* Main.storyboard in Resources */,
			);
			runOnlyForDeploymentPostprocessing = 0;
		};
		0D1021CB1C777D66001BD186 /* Resources */ = {
			isa = PBXResourcesBuildPhase;
			buildActionMask = 2147483647;
			files = (
			);
			runOnlyForDeploymentPostprocessing = 0;
		};
/* End PBXResourcesBuildPhase section */

/* Begin PBXSourcesBuildPhase section */
		0D1021B01C777D65001BD186 /* Sources */ = {
			isa = PBXSourcesBuildPhase;
			buildActionMask = 2147483647;
			files = (
				0D1021BC1C777D66001BD186 /* AppDelegate.m in Sources */,
				0D1021EF1C7782AF001BD186 /* TestCentral.m in Sources */,
				0D1021F21C778A72001BD186 /* Activity.m in Sources */,
				0D6A3EF11C7AAEA4006B55EF /* Reachability.m in Sources */,
				0D1021B91C777D66001BD186 /* main.m in Sources */,
				0D05B9F41C78BB38008F0EEC /* ActivityTableViewCell.m in Sources */,
				0DCCD0A51C78DC7600187EEF /* HomeViewController.m in Sources */,
			);
			runOnlyForDeploymentPostprocessing = 0;
		};
		0D1021C91C777D66001BD186 /* Sources */ = {
			isa = PBXSourcesBuildPhase;
			buildActionMask = 2147483647;
			files = (
				0DEEBF491C78D587005760B4 /* LocalBizagiTestUnitTestC2.m in Sources */,
				0D05B9F71C78C0A5008F0EEC /* TestCentral.m in Sources */,
				0D05B9F81C78C0A6008F0EEC /* Activity.m in Sources */,
				0D1021D21C777D66001BD186 /* LocalBizagiTestTestsC1.m in Sources */,
				0D6A3EF41C7ABAC8006B55EF /* ServerBizagiTestTestsC1.m in Sources */,
			);
			runOnlyForDeploymentPostprocessing = 0;
		};
/* End PBXSourcesBuildPhase section */

/* Begin PBXTargetDependency section */
		0D1021CF1C777D66001BD186 /* PBXTargetDependency */ = {
			isa = PBXTargetDependency;
			target = 0D1021B31C777D65001BD186 /* BizagiTest */;
			targetProxy = 0D1021CE1C777D66001BD186 /* PBXContainerItemProxy */;
		};
/* End PBXTargetDependency section */

/* Begin PBXVariantGroup section */
		0D1021C01C777D66001BD186 /* Main.storyboard */ = {
			isa = PBXVariantGroup;
			children = (
				0D1021C11C777D66001BD186 /* Base */,
			);
			name = Main.storyboard;
			sourceTree = "<group>";
		};
		0D1021C51C777D66001BD186 /* LaunchScreen.storyboard */ = {
			isa = PBXVariantGroup;
			children = (
				0D1021C61C777D66001BD186 /* Base */,
			);
			name = LaunchScreen.storyboard;
			sourceTree = "<group>";
		};
/* End PBXVariantGroup section */

/* Begin XCBuildConfiguration section */
		0D1021DF1C777D66001BD186 /* Debug */ = {
			isa = XCBuildConfiguration;
			buildSettings = {
				ALWAYS_SEARCH_USER_PATHS = NO;
				CLANG_CXX_LANGUAGE_STANDARD = "gnu++0x";
				CLANG_CXX_LIBRARY = "libc++";
				CLANG_ENABLE_MODULES = YES;
				CLANG_ENABLE_OBJC_ARC = YES;
				CLANG_WARN_BOOL_CONVERSION = YES;
				CLANG_WARN_CONSTANT_CONVERSION = YES;
				CLANG_WARN_DIRECT_OBJC_ISA_USAGE = YES_ERROR;
				CLANG_WARN_EMPTY_BODY = YES;
				CLANG_WARN_ENUM_CONVERSION = YES;
				CLANG_WARN_INT_CONVERSION = YES;
				CLANG_WARN_OBJC_ROOT_CLASS = YES_ERROR;
				CLANG_WARN_UNREACHABLE_CODE = YES;
				CLANG_WARN__DUPLICATE_METHOD_MATCH = YES;
				"CODE_SIGN_IDENTITY[sdk=iphoneos*]" = "iPhone Developer";
				COPY_PHASE_STRIP = NO;
				DEBUG_INFORMATION_FORMAT = dwarf;
				ENABLE_STRICT_OBJC_MSGSEND = YES;
				ENABLE_TESTABILITY = YES;
				GCC_C_LANGUAGE_STANDARD = gnu99;
				GCC_DYNAMIC_NO_PIC = NO;
				GCC_NO_COMMON_BLOCKS = YES;
				GCC_OPTIMIZATION_LEVEL = 0;
				GCC_PREPROCESSOR_DEFINITIONS = (
					"DEBUG=1",
					"$(inherited)",
				);
				GCC_WARN_64_TO_32_BIT_CONVERSION = YES;
				GCC_WARN_ABOUT_RETURN_TYPE = YES_ERROR;
				GCC_WARN_UNDECLARED_SELECTOR = YES;
				GCC_WARN_UNINITIALIZED_AUTOS = YES_AGGRESSIVE;
				GCC_WARN_UNUSED_FUNCTION = YES;
				GCC_WARN_UNUSED_VARIABLE = YES;
				IPHONEOS_DEPLOYMENT_TARGET = 9.2;
				MTL_ENABLE_DEBUG_INFO = YES;
				ONLY_ACTIVE_ARCH = YES;
				SDKROOT = iphoneos;
			};
			name = Debug;
		};
		0D1021E01C777D66001BD186 /* Release */ = {
			isa = XCBuildConfiguration;
			buildSettings = {
				ALWAYS_SEARCH_USER_PATHS = NO;
				CLANG_CXX_LANGUAGE_STANDARD = "gnu++0x";
				CLANG_CXX_LIBRARY = "libc++";
				CLANG_ENABLE_MODULES = YES;
				CLANG_ENABLE_OBJC_ARC = YES;
				CLANG_WARN_BOOL_CONVERSION = YES;
				CLANG_WARN_CONSTANT_CONVERSION = YES;
				CLANG_WARN_DIRECT_OBJC_ISA_USAGE = YES_ERROR;
				CLANG_WARN_EMPTY_BODY = YES;
				CLANG_WARN_ENUM_CONVERSION = YES;
				CLANG_WARN_INT_CONVERSION = YES;
				CLANG_WARN_OBJC_ROOT_CLASS = YES_ERROR;
				CLANG_WARN_UNREACHABLE_CODE = YES;
				CLANG_WARN__DUPLICATE_METHOD_MATCH = YES;
				"CODE_SIGN_IDENTITY[sdk=iphoneos*]" = "iPhone Developer";
				COPY_PHASE_STRIP = NO;
				DEBUG_INFORMATION_FORMAT = "dwarf-with-dsym";
				ENABLE_NS_ASSERTIONS = NO;
				ENABLE_STRICT_OBJC_MSGSEND = YES;
				GCC_C_LANGUAGE_STANDARD = gnu99;
				GCC_NO_COMMON_BLOCKS = YES;
				GCC_WARN_64_TO_32_BIT_CONVERSION = YES;
				GCC_WARN_ABOUT_RETURN_TYPE = YES_ERROR;
				GCC_WARN_UNDECLARED_SELECTOR = YES;
				GCC_WARN_UNINITIALIZED_AUTOS = YES_AGGRESSIVE;
				GCC_WARN_UNUSED_FUNCTION = YES;
				GCC_WARN_UNUSED_VARIABLE = YES;
				IPHONEOS_DEPLOYMENT_TARGET = 9.2;
				MTL_ENABLE_DEBUG_INFO = NO;
				SDKROOT = iphoneos;
				VALIDATE_PRODUCT = YES;
			};
			name = Release;
		};
		0D1021E21C777D66001BD186 /* Debug */ = {
			isa = XCBuildConfiguration;
			buildSettings = {
				ASSETCATALOG_COMPILER_APPICON_NAME = AppIcon;
				INFOPLIST_FILE = BizagiTest/Info.plist;
				LD_RUNPATH_SEARCH_PATHS = "$(inherited) @executable_path/Frameworks";
				PRODUCT_BUNDLE_IDENTIFIER = co.juansmacias.BizagiTest;
				PRODUCT_NAME = "$(TARGET_NAME)";
			};
			name = Debug;
		};
		0D1021E31C777D66001BD186 /* Release */ = {
			isa = XCBuildConfiguration;
			buildSettings = {
				ASSETCATALOG_COMPILER_APPICON_NAME = AppIcon;
				INFOPLIST_FILE = BizagiTest/Info.plist;
				LD_RUNPATH_SEARCH_PATHS = "$(inherited) @executable_path/Frameworks";
				PRODUCT_BUNDLE_IDENTIFIER = co.juansmacias.BizagiTest;
				PRODUCT_NAME = "$(TARGET_NAME)";
			};
			name = Release;
		};
		0D1021E51C777D66001BD186 /* Debug */ = {
			isa = XCBuildConfiguration;
			buildSettings = {
				BUNDLE_LOADER = "$(TEST_HOST)";
				INFOPLIST_FILE = BizagiTestTests/Info.plist;
				LD_RUNPATH_SEARCH_PATHS = "$(inherited) @executable_path/Frameworks @loader_path/Frameworks";
				PRODUCT_BUNDLE_IDENTIFIER = co.juansmacias.BizagiTestTests;
				PRODUCT_NAME = "$(TARGET_NAME)";
				TEST_HOST = "$(BUILT_PRODUCTS_DIR)/BizagiTest.app/BizagiTest";
			};
			name = Debug;
		};
		0D1021E61C777D66001BD186 /* Release */ = {
			isa = XCBuildConfiguration;
			buildSettings = {
				BUNDLE_LOADER = "$(TEST_HOST)";
				INFOPLIST_FILE = BizagiTestTests/Info.plist;
				LD_RUNPATH_SEARCH_PATHS = "$(inherited) @executable_path/Frameworks @loader_path/Frameworks";
				PRODUCT_BUNDLE_IDENTIFIER = co.juansmacias.BizagiTestTests;
				PRODUCT_NAME = "$(TARGET_NAME)";
				TEST_HOST = "$(BUILT_PRODUCTS_DIR)/BizagiTest.app/BizagiTest";
			};
			name = Release;
		};
/* End XCBuildConfiguration section */

/* Begin XCConfigurationList section */
		0D1021AF1C777D65001BD186 /* Build configuration list for PBXProject "BizagiTest" */ = {
			isa = XCConfigurationList;
			buildConfigurations = (
				0D1021DF1C777D66001BD186 /* Debug */,
				0D1021E01C777D66001BD186 /* Release */,
			);
			defaultConfigurationIsVisible = 0;
			defaultConfigurationName = Release;
		};
		0D1021E11C777D66001BD186 /* Build configuration list for PBXNativeTarget "BizagiTest" */ = {
			isa = XCConfigurationList;
			buildConfigurations = (
				0D1021E21C777D66001BD186 /* Debug */,
				0D1021E31C777D66001BD186 /* Release */,
			);
			defaultConfigurationIsVisible = 0;
			defaultConfigurationName = Release;
		};
		0D1021E41C777D66001BD186 /* Build configuration list for PBXNativeTarget "BizagiTestTests" */ = {
			isa = XCConfigurationList;
			buildConfigurations = (
				0D1021E51C777D66001BD186 /* Debug */,
				0D1021E61C777D66001BD186 /* Release */,
			);
			defaultConfigurationIsVisible = 0;
			defaultConfigurationName = Release;
		};
/* End XCConfigurationList section */
	};
	rootObject = 0D1021AC1C777D65001BD186 /* Project object */;
}
